Microsoft Visual Studio Solution File, Format Version 12.00
# Visual Studio Version 17
VisualStudioVersion = 17.0.31903.59
MinimumVisualStudioVersion = 10.0.40219.1
Project("{2150E333-8FDC-42A3-9474-1A3956D46DE8}") = "src", "src", "{0B5D4C83-181F-44AD-8F24-95599BFD66B8}"
EndProject
Project("{2150E333-8FDC-42A3-9474-1A3956D46DE8}") = "tests", "tests", "{73CF9B6D-0B40-422E-8F55-9D0C134E9E37}"
EndProject
Project("{9A19103F-16F7-4668-BE54-9A1E7A4F7556}") = "CoreWCF.Primitives", "src\CoreWCF.Primitives\src\CoreWCF.Primitives.csproj", "{A2BBD98A-0862-414F-93A4-BAE0AE9AD654}"
EndProject
Project("{9A19103F-16F7-4668-BE54-9A1E7A4F7556}") = "CoreWCF.Http", "src\CoreWCF.Http\src\CoreWCF.Http.csproj", "{5261B584-C338-4573-B4A0-F76C56D89F6C}"
EndProject
Project("{9A19103F-16F7-4668-BE54-9A1E7A4F7556}") = "CoreWCF.NetTcp", "src\CoreWCF.NetTcp\src\CoreWCF.NetTcp.csproj", "{58568DAD-EF5D-4CA9-9812-2FAE30B849DB}"
EndProject
Project("{9A19103F-16F7-4668-BE54-9A1E7A4F7556}") = "CoreWCF.Http.Tests", "src\CoreWCF.Http\tests\CoreWCF.Http.Tests.csproj", "{7C01D118-BD40-4B0D-8728-6D61ED623081}"
EndProject
Project("{9A19103F-16F7-4668-BE54-9A1E7A4F7556}") = "CoreWCF.NetTcp.Tests", "src\CoreWCF.NetTcp\tests\CoreWCF.NetTcp.Tests.csproj", "{5C693BE3-CD4A-40C9-8105-93681BF5B5A6}"
EndProject
Project("{9A19103F-16F7-4668-BE54-9A1E7A4F7556}") = "CoreWCF.Primitives.Tests", "src\CoreWCF.Primitives\tests\CoreWCF.Primitives.Tests.csproj", "{0BAAF301-23F3-49AC-B167-B8A88565F95B}"
EndProject
Project("{2150E333-8FDC-42A3-9474-1A3956D46DE8}") = "Solution Items", "Solution Items", "{DAAE6286-93E2-4F2B-81D2-A32A9F024595}"
	ProjectSection(SolutionItems) = preProject
		src\.editorconfig = src\.editorconfig
		azure-pipelines-ci.yml = azure-pipelines-ci.yml
		azure-pipelines.yml = azure-pipelines.yml
		Directory.Build.props = Directory.Build.props
		Directory.Build.targets = Directory.Build.targets
		docker-compose.yml = docker-compose.yml
		GitVersion.yml = GitVersion.yml
		NuGet.config = NuGet.config
		nuspec.props = nuspec.props
		resources.props = resources.props
		resources.targets = resources.targets
		testEnvironments.json = testEnvironments.json
	EndProjectSection
EndProject
Project("{2150E333-8FDC-42A3-9474-1A3956D46DE8}") = "templates", "templates", "{1026C1CC-83E8-444C-9B16-28E68C50A727}"
	ProjectSection(SolutionItems) = preProject
		templates\BuildStage.yml = templates\BuildStage.yml
		templates\CodeSignStage.yml = templates\CodeSignStage.yml
		templates\PackStage.yml = templates\PackStage.yml
		templates\PublishStage.yml = templates\PublishStage.yml
		templates\TestStage.yml = templates\TestStage.yml
	EndProjectSection
EndProject
Project("{9A19103F-16F7-4668-BE54-9A1E7A4F7556}") = "CoreWCF.ConfigurationManager", "src\CoreWCF.ConfigurationManager\src\CoreWCF.ConfigurationManager.csproj", "{49146BDD-2797-4208-97CA-66811DF01FD2}"
EndProject
Project("{9A19103F-16F7-4668-BE54-9A1E7A4F7556}") = "CoreWCF.ConfigurationManager.Tests", "src\CoreWCF.ConfigurationManager\tests\CoreWCF.ConfigurationManager.Tests.csproj", "{323E3AD6-158E-4381-A021-98ABF664F7A7}"
EndProject
Project("{9A19103F-16F7-4668-BE54-9A1E7A4F7556}") = "CoreWCF.BuildTools.Roslyn4.0", "src\CoreWCF.BuildTools\src\CoreWCF.BuildTools.Roslyn4.0.csproj", "{2198079C-5EF7-4E57-9B78-7086E0A40035}"
EndProject
Project("{9A19103F-16F7-4668-BE54-9A1E7A4F7556}") = "CoreWCF.BuildTools.Roslyn3.11", "src\CoreWCF.BuildTools\src\CoreWCF.BuildTools.Roslyn3.11.csproj", "{B33DB0C4-15AD-49E5-8F63-9A03E2DCC70C}"
EndProject
Project("{9A19103F-16F7-4668-BE54-9A1E7A4F7556}") = "CoreWCF.BuildTools.Roslyn4.0.Tests", "src\CoreWCF.BuildTools\tests\CoreWCF.BuildTools.Roslyn4.0.Tests.csproj", "{ECAD36D8-53A0-43D8-9180-9E14FA2B2BA5}"
EndProject
Project("{9A19103F-16F7-4668-BE54-9A1E7A4F7556}") = "CoreWCF.BuildTools.Roslyn3.11.Tests", "src\CoreWCF.BuildTools\tests\CoreWCF.BuildTools.Roslyn3.11.Tests.csproj", "{DAFA72E9-55C6-4E37-AF4A-4D672AE62F00}"
EndProject
Project("{9A19103F-16F7-4668-BE54-9A1E7A4F7556}") = "CoreWCF.Metadata.Tests", "src\CoreWCF.Metadata\tests\CoreWCF.Metadata.Tests.csproj", "{F3DA1D42-DB34-480B-924B-EEF32E3FFC12}"
EndProject
Project("{9A19103F-16F7-4668-BE54-9A1E7A4F7556}") = "CoreWCF.WebHttp", "src\CoreWCF.WebHttp\src\CoreWCF.WebHttp.csproj", "{5D03B21C-2BBB-4A0F-B199-602A1308F21F}"
EndProject
Project("{9A19103F-16F7-4668-BE54-9A1E7A4F7556}") = "CoreWCF.WebHttp.Tests", "src\CoreWCF.WebHttp\tests\CoreWCF.WebHttp.Tests.csproj", "{22803727-267C-49FE-A12B-2D5CF8780583}"
EndProject
Project("{9A19103F-16F7-4668-BE54-9A1E7A4F7556}") = "CoreWCF.Queue", "src\CoreWCF.Queue\src\CoreWCF.Queue.csproj", "{2A40A576-9351-48F1-9723-2BE77A6A303C}"
EndProject
Project("{9A19103F-16F7-4668-BE54-9A1E7A4F7556}") = "CoreWCF.MSMQ", "src\CoreWCF.MSMQ\src\CoreWCF.MSMQ.csproj", "{354A0796-6F4B-46EB-89CF-0F1A70ACB70E}"
EndProject
Project("{9A19103F-16F7-4668-BE54-9A1E7A4F7556}") = "CoreWCF.RabbitMQ", "src\CoreWCF.RabbitMQ\src\CoreWCF.RabbitMQ.csproj", "{D2ECB565-C741-44E5-B0C0-863F962CF89C}"
EndProject
Project("{9A19103F-16F7-4668-BE54-9A1E7A4F7556}") = "CoreWCF.Queue.Tests", "src\CoreWCF.Queue\tests\CoreWCF.Queue.Tests.csproj", "{4FD8B55E-8F6D-495F-878C-28DDE62701AD}"
EndProject
Project("{9A19103F-16F7-4668-BE54-9A1E7A4F7556}") = "CoreWCF.MSMQ.Tests", "src\CoreWCF.MSMQ\tests\CoreWCF.MSMQ.Tests.csproj", "{7C2BECAC-8A7D-44BC-9733-8B1EFE1104AE}"
EndProject
Project("{9A19103F-16F7-4668-BE54-9A1E7A4F7556}") = "CoreWCF.RabbitMQ.Tests", "src\CoreWCF.RabbitMQ\tests\CoreWCF.RabbitMQ.Tests.csproj", "{983B4A05-3DA2-4AF7-B359-2E2275090CD5}"
EndProject
Project("{9A19103F-16F7-4668-BE54-9A1E7A4F7556}") = "CoreWCF.RabbitMQ.Client", "src\CoreWCF.RabbitMQ.Client\src\CoreWCF.RabbitMQ.Client.csproj", "{6BDC3206-39D9-4498-8625-436957B31FF0}"
EndProject
Project("{9A19103F-16F7-4668-BE54-9A1E7A4F7556}") = "CoreWCF.NetFramingBase", "src\CoreWCF.NetFramingBase\src\CoreWCF.NetFramingBase.csproj", "{15BAEFE3-0A55-4749-96C3-09E7FB0FF5F3}"
EndProject
Project("{9A19103F-16F7-4668-BE54-9A1E7A4F7556}") = "CoreWCF.NetNamedPipe", "src\CoreWCF.NetNamedPipe\src\CoreWCF.NetNamedPipe.csproj", "{256558C4-475A-46F4-A852-C640E1C28FBC}"
EndProject
Project("{9A19103F-16F7-4668-BE54-9A1E7A4F7556}") = "CoreWCF.NetNamedPipe.Tests", "src\CoreWCF.NetNamedPipe\tests\CoreWCF.NetNamedPipe.Tests.csproj", "{D0F853FB-A3E1-4091-9E05-733E78CE1F41}"
EndProject
Project("{9A19103F-16F7-4668-BE54-9A1E7A4F7556}") = "CoreWCF.UnixDomainSocket.Tests", "src\CoreWCF.UnixDomainSocket\tests\CoreWCF.UnixDomainSocket.Tests.csproj", "{D0F853FB-A3E1-4091-9E05-733E78CE1F42}"
EndProject
Project("{9A19103F-16F7-4668-BE54-9A1E7A4F7556}") = "UnitTests.Common", "src\Common\UnitTests.Common\UnitTests.Common.csproj", "{357CE1CE-72A8-427A-8163-145588449536}"
EndProject
Project("{9A19103F-16F7-4668-BE54-9A1E7A4F7556}") = "CoreWCF.Kafka", "src\CoreWCF.Kafka\src\CoreWCF.Kafka.csproj", "{B0D747FE-05A0-43F9-8BBD-43A080F20ADB}"
EndProject
Project("{9A19103F-16F7-4668-BE54-9A1E7A4F7556}") = "CoreWCF.Kafka.Tests", "src\CoreWCF.Kafka\tests\CoreWCF.Kafka.Tests.csproj", "{517C27F5-DBF2-4F68-B66F-885F683ED922}"
EndProject
Project("{9A19103F-16F7-4668-BE54-9A1E7A4F7556}") = "CoreWCF.Kafka.Client", "src\CoreWCF.Kafka.Client\src\CoreWCF.Kafka.Client.csproj", "{DCC20AEC-A912-4CD9-86FC-499BBEC24E90}"
EndProject
Project("{9A19103F-16F7-4668-BE54-9A1E7A4F7556}") = "CoreWCF.UnixDomainSocket", "src\CoreWCF.UnixDomainSocket\src\CoreWCF.UnixDomainSocket.csproj", "{1967968B-457D-4A1C-A463-1127CAAE2818}"
EndProject
Project("{FAE04EC0-301F-11D3-BF4B-00C04F79EFBC}") = "CoreWCF.Http.GeneratedOperationInvokers.Tests", "src\CoreWCF.Http\tests\CoreWCF.Http.GeneratedOperationInvokers.Tests.csproj", "{2310A9CD-F373-45BB-9844-FA8073DBF382}"
EndProject
Global
	GlobalSection(SolutionConfigurationPlatforms) = preSolution
		Debug|Any CPU = Debug|Any CPU
		Debug|x64 = Debug|x64
		Debug|x86 = Debug|x86
		Release|Any CPU = Release|Any CPU
		Release|x64 = Release|x64
		Release|x86 = Release|x86
	EndGlobalSection
	GlobalSection(ProjectConfigurationPlatforms) = postSolution
		{A2BBD98A-0862-414F-93A4-BAE0AE9AD654}.Debug|Any CPU.ActiveCfg = Debug|Any CPU
		{A2BBD98A-0862-414F-93A4-BAE0AE9AD654}.Debug|Any CPU.Build.0 = Debug|Any CPU
		{A2BBD98A-0862-414F-93A4-BAE0AE9AD654}.Debug|x64.ActiveCfg = Debug|Any CPU
		{A2BBD98A-0862-414F-93A4-BAE0AE9AD654}.Debug|x64.Build.0 = Debug|Any CPU
		{A2BBD98A-0862-414F-93A4-BAE0AE9AD654}.Debug|x86.ActiveCfg = Debug|Any CPU
		{A2BBD98A-0862-414F-93A4-BAE0AE9AD654}.Debug|x86.Build.0 = Debug|Any CPU
		{A2BBD98A-0862-414F-93A4-BAE0AE9AD654}.Release|Any CPU.ActiveCfg = Release|Any CPU
		{A2BBD98A-0862-414F-93A4-BAE0AE9AD654}.Release|Any CPU.Build.0 = Release|Any CPU
		{A2BBD98A-0862-414F-93A4-BAE0AE9AD654}.Release|x64.ActiveCfg = Release|Any CPU
		{A2BBD98A-0862-414F-93A4-BAE0AE9AD654}.Release|x64.Build.0 = Release|Any CPU
		{A2BBD98A-0862-414F-93A4-BAE0AE9AD654}.Release|x86.ActiveCfg = Release|Any CPU
		{A2BBD98A-0862-414F-93A4-BAE0AE9AD654}.Release|x86.Build.0 = Release|Any CPU
		{5261B584-C338-4573-B4A0-F76C56D89F6C}.Debug|Any CPU.ActiveCfg = Debug|Any CPU
		{5261B584-C338-4573-B4A0-F76C56D89F6C}.Debug|Any CPU.Build.0 = Debug|Any CPU
		{5261B584-C338-4573-B4A0-F76C56D89F6C}.Debug|x64.ActiveCfg = Debug|Any CPU
		{5261B584-C338-4573-B4A0-F76C56D89F6C}.Debug|x64.Build.0 = Debug|Any CPU
		{5261B584-C338-4573-B4A0-F76C56D89F6C}.Debug|x86.ActiveCfg = Debug|Any CPU
		{5261B584-C338-4573-B4A0-F76C56D89F6C}.Debug|x86.Build.0 = Debug|Any CPU
		{5261B584-C338-4573-B4A0-F76C56D89F6C}.Release|Any CPU.ActiveCfg = Release|Any CPU
		{5261B584-C338-4573-B4A0-F76C56D89F6C}.Release|Any CPU.Build.0 = Release|Any CPU
		{5261B584-C338-4573-B4A0-F76C56D89F6C}.Release|x64.ActiveCfg = Release|Any CPU
		{5261B584-C338-4573-B4A0-F76C56D89F6C}.Release|x64.Build.0 = Release|Any CPU
		{5261B584-C338-4573-B4A0-F76C56D89F6C}.Release|x86.ActiveCfg = Release|Any CPU
		{5261B584-C338-4573-B4A0-F76C56D89F6C}.Release|x86.Build.0 = Release|Any CPU
		{58568DAD-EF5D-4CA9-9812-2FAE30B849DB}.Debug|Any CPU.ActiveCfg = Debug|Any CPU
		{58568DAD-EF5D-4CA9-9812-2FAE30B849DB}.Debug|Any CPU.Build.0 = Debug|Any CPU
		{58568DAD-EF5D-4CA9-9812-2FAE30B849DB}.Debug|x64.ActiveCfg = Debug|Any CPU
		{58568DAD-EF5D-4CA9-9812-2FAE30B849DB}.Debug|x64.Build.0 = Debug|Any CPU
		{58568DAD-EF5D-4CA9-9812-2FAE30B849DB}.Debug|x86.ActiveCfg = Debug|Any CPU
		{58568DAD-EF5D-4CA9-9812-2FAE30B849DB}.Debug|x86.Build.0 = Debug|Any CPU
		{58568DAD-EF5D-4CA9-9812-2FAE30B849DB}.Release|Any CPU.ActiveCfg = Release|Any CPU
		{58568DAD-EF5D-4CA9-9812-2FAE30B849DB}.Release|Any CPU.Build.0 = Release|Any CPU
		{58568DAD-EF5D-4CA9-9812-2FAE30B849DB}.Release|x64.ActiveCfg = Release|Any CPU
		{58568DAD-EF5D-4CA9-9812-2FAE30B849DB}.Release|x64.Build.0 = Release|Any CPU
		{58568DAD-EF5D-4CA9-9812-2FAE30B849DB}.Release|x86.ActiveCfg = Release|Any CPU
		{58568DAD-EF5D-4CA9-9812-2FAE30B849DB}.Release|x86.Build.0 = Release|Any CPU
		{7C01D118-BD40-4B0D-8728-6D61ED623081}.Debug|Any CPU.ActiveCfg = Debug|Any CPU
		{7C01D118-BD40-4B0D-8728-6D61ED623081}.Debug|Any CPU.Build.0 = Debug|Any CPU
		{7C01D118-BD40-4B0D-8728-6D61ED623081}.Debug|x64.ActiveCfg = Debug|Any CPU
		{7C01D118-BD40-4B0D-8728-6D61ED623081}.Debug|x64.Build.0 = Debug|Any CPU
		{7C01D118-BD40-4B0D-8728-6D61ED623081}.Debug|x86.ActiveCfg = Debug|Any CPU
		{7C01D118-BD40-4B0D-8728-6D61ED623081}.Debug|x86.Build.0 = Debug|Any CPU
		{7C01D118-BD40-4B0D-8728-6D61ED623081}.Release|Any CPU.ActiveCfg = Release|Any CPU
		{7C01D118-BD40-4B0D-8728-6D61ED623081}.Release|Any CPU.Build.0 = Release|Any CPU
		{7C01D118-BD40-4B0D-8728-6D61ED623081}.Release|x64.ActiveCfg = Release|Any CPU
		{7C01D118-BD40-4B0D-8728-6D61ED623081}.Release|x64.Build.0 = Release|Any CPU
		{7C01D118-BD40-4B0D-8728-6D61ED623081}.Release|x86.ActiveCfg = Release|Any CPU
		{7C01D118-BD40-4B0D-8728-6D61ED623081}.Release|x86.Build.0 = Release|Any CPU
		{5C693BE3-CD4A-40C9-8105-93681BF5B5A6}.Debug|Any CPU.ActiveCfg = Debug|Any CPU
		{5C693BE3-CD4A-40C9-8105-93681BF5B5A6}.Debug|Any CPU.Build.0 = Debug|Any CPU
		{5C693BE3-CD4A-40C9-8105-93681BF5B5A6}.Debug|x64.ActiveCfg = Debug|Any CPU
		{5C693BE3-CD4A-40C9-8105-93681BF5B5A6}.Debug|x64.Build.0 = Debug|Any CPU
		{5C693BE3-CD4A-40C9-8105-93681BF5B5A6}.Debug|x86.ActiveCfg = Debug|Any CPU
		{5C693BE3-CD4A-40C9-8105-93681BF5B5A6}.Debug|x86.Build.0 = Debug|Any CPU
		{5C693BE3-CD4A-40C9-8105-93681BF5B5A6}.Release|Any CPU.ActiveCfg = Release|Any CPU
		{5C693BE3-CD4A-40C9-8105-93681BF5B5A6}.Release|Any CPU.Build.0 = Release|Any CPU
		{5C693BE3-CD4A-40C9-8105-93681BF5B5A6}.Release|x64.ActiveCfg = Release|Any CPU
		{5C693BE3-CD4A-40C9-8105-93681BF5B5A6}.Release|x64.Build.0 = Release|Any CPU
		{5C693BE3-CD4A-40C9-8105-93681BF5B5A6}.Release|x86.ActiveCfg = Release|Any CPU
		{5C693BE3-CD4A-40C9-8105-93681BF5B5A6}.Release|x86.Build.0 = Release|Any CPU
		{0BAAF301-23F3-49AC-B167-B8A88565F95B}.Debug|Any CPU.ActiveCfg = Debug|Any CPU
		{0BAAF301-23F3-49AC-B167-B8A88565F95B}.Debug|Any CPU.Build.0 = Debug|Any CPU
		{0BAAF301-23F3-49AC-B167-B8A88565F95B}.Debug|x64.ActiveCfg = Debug|Any CPU
		{0BAAF301-23F3-49AC-B167-B8A88565F95B}.Debug|x64.Build.0 = Debug|Any CPU
		{0BAAF301-23F3-49AC-B167-B8A88565F95B}.Debug|x86.ActiveCfg = Debug|Any CPU
		{0BAAF301-23F3-49AC-B167-B8A88565F95B}.Debug|x86.Build.0 = Debug|Any CPU
		{0BAAF301-23F3-49AC-B167-B8A88565F95B}.Release|Any CPU.ActiveCfg = Release|Any CPU
		{0BAAF301-23F3-49AC-B167-B8A88565F95B}.Release|Any CPU.Build.0 = Release|Any CPU
		{0BAAF301-23F3-49AC-B167-B8A88565F95B}.Release|x64.ActiveCfg = Release|Any CPU
		{0BAAF301-23F3-49AC-B167-B8A88565F95B}.Release|x64.Build.0 = Release|Any CPU
		{0BAAF301-23F3-49AC-B167-B8A88565F95B}.Release|x86.ActiveCfg = Release|Any CPU
		{0BAAF301-23F3-49AC-B167-B8A88565F95B}.Release|x86.Build.0 = Release|Any CPU
		{49146BDD-2797-4208-97CA-66811DF01FD2}.Debug|Any CPU.ActiveCfg = Debug|Any CPU
		{49146BDD-2797-4208-97CA-66811DF01FD2}.Debug|Any CPU.Build.0 = Debug|Any CPU
		{49146BDD-2797-4208-97CA-66811DF01FD2}.Debug|x64.ActiveCfg = Debug|Any CPU
		{49146BDD-2797-4208-97CA-66811DF01FD2}.Debug|x64.Build.0 = Debug|Any CPU
		{49146BDD-2797-4208-97CA-66811DF01FD2}.Debug|x86.ActiveCfg = Debug|Any CPU
		{49146BDD-2797-4208-97CA-66811DF01FD2}.Debug|x86.Build.0 = Debug|Any CPU
		{49146BDD-2797-4208-97CA-66811DF01FD2}.Release|Any CPU.ActiveCfg = Release|Any CPU
		{49146BDD-2797-4208-97CA-66811DF01FD2}.Release|Any CPU.Build.0 = Release|Any CPU
		{49146BDD-2797-4208-97CA-66811DF01FD2}.Release|x64.ActiveCfg = Release|Any CPU
		{49146BDD-2797-4208-97CA-66811DF01FD2}.Release|x64.Build.0 = Release|Any CPU
		{49146BDD-2797-4208-97CA-66811DF01FD2}.Release|x86.ActiveCfg = Release|Any CPU
		{49146BDD-2797-4208-97CA-66811DF01FD2}.Release|x86.Build.0 = Release|Any CPU
		{323E3AD6-158E-4381-A021-98ABF664F7A7}.Debug|Any CPU.ActiveCfg = Debug|Any CPU
		{323E3AD6-158E-4381-A021-98ABF664F7A7}.Debug|Any CPU.Build.0 = Debug|Any CPU
		{323E3AD6-158E-4381-A021-98ABF664F7A7}.Debug|x64.ActiveCfg = Debug|Any CPU
		{323E3AD6-158E-4381-A021-98ABF664F7A7}.Debug|x64.Build.0 = Debug|Any CPU
		{323E3AD6-158E-4381-A021-98ABF664F7A7}.Debug|x86.ActiveCfg = Debug|Any CPU
		{323E3AD6-158E-4381-A021-98ABF664F7A7}.Debug|x86.Build.0 = Debug|Any CPU
		{323E3AD6-158E-4381-A021-98ABF664F7A7}.Release|Any CPU.ActiveCfg = Release|Any CPU
		{323E3AD6-158E-4381-A021-98ABF664F7A7}.Release|Any CPU.Build.0 = Release|Any CPU
		{323E3AD6-158E-4381-A021-98ABF664F7A7}.Release|x64.ActiveCfg = Release|Any CPU
		{323E3AD6-158E-4381-A021-98ABF664F7A7}.Release|x64.Build.0 = Release|Any CPU
		{323E3AD6-158E-4381-A021-98ABF664F7A7}.Release|x86.ActiveCfg = Release|Any CPU
		{323E3AD6-158E-4381-A021-98ABF664F7A7}.Release|x86.Build.0 = Release|Any CPU
		{2198079C-5EF7-4E57-9B78-7086E0A40035}.Debug|Any CPU.ActiveCfg = Debug|Any CPU
		{2198079C-5EF7-4E57-9B78-7086E0A40035}.Debug|Any CPU.Build.0 = Debug|Any CPU
		{2198079C-5EF7-4E57-9B78-7086E0A40035}.Debug|x64.ActiveCfg = Debug|Any CPU
		{2198079C-5EF7-4E57-9B78-7086E0A40035}.Debug|x64.Build.0 = Debug|Any CPU
		{2198079C-5EF7-4E57-9B78-7086E0A40035}.Debug|x86.ActiveCfg = Debug|Any CPU
		{2198079C-5EF7-4E57-9B78-7086E0A40035}.Debug|x86.Build.0 = Debug|Any CPU
		{2198079C-5EF7-4E57-9B78-7086E0A40035}.Release|Any CPU.ActiveCfg = Release|Any CPU
		{2198079C-5EF7-4E57-9B78-7086E0A40035}.Release|Any CPU.Build.0 = Release|Any CPU
		{2198079C-5EF7-4E57-9B78-7086E0A40035}.Release|x64.ActiveCfg = Release|Any CPU
		{2198079C-5EF7-4E57-9B78-7086E0A40035}.Release|x64.Build.0 = Release|Any CPU
		{2198079C-5EF7-4E57-9B78-7086E0A40035}.Release|x86.ActiveCfg = Release|Any CPU
		{2198079C-5EF7-4E57-9B78-7086E0A40035}.Release|x86.Build.0 = Release|Any CPU
		{B33DB0C4-15AD-49E5-8F63-9A03E2DCC70C}.Debug|Any CPU.ActiveCfg = Debug|Any CPU
		{B33DB0C4-15AD-49E5-8F63-9A03E2DCC70C}.Debug|Any CPU.Build.0 = Debug|Any CPU
		{B33DB0C4-15AD-49E5-8F63-9A03E2DCC70C}.Debug|x64.ActiveCfg = Debug|Any CPU
		{B33DB0C4-15AD-49E5-8F63-9A03E2DCC70C}.Debug|x64.Build.0 = Debug|Any CPU
		{B33DB0C4-15AD-49E5-8F63-9A03E2DCC70C}.Debug|x86.ActiveCfg = Debug|Any CPU
		{B33DB0C4-15AD-49E5-8F63-9A03E2DCC70C}.Debug|x86.Build.0 = Debug|Any CPU
		{B33DB0C4-15AD-49E5-8F63-9A03E2DCC70C}.Release|Any CPU.ActiveCfg = Release|Any CPU
		{B33DB0C4-15AD-49E5-8F63-9A03E2DCC70C}.Release|Any CPU.Build.0 = Release|Any CPU
		{B33DB0C4-15AD-49E5-8F63-9A03E2DCC70C}.Release|x64.ActiveCfg = Release|Any CPU
		{B33DB0C4-15AD-49E5-8F63-9A03E2DCC70C}.Release|x64.Build.0 = Release|Any CPU
		{B33DB0C4-15AD-49E5-8F63-9A03E2DCC70C}.Release|x86.ActiveCfg = Release|Any CPU
		{B33DB0C4-15AD-49E5-8F63-9A03E2DCC70C}.Release|x86.Build.0 = Release|Any CPU
		{ECAD36D8-53A0-43D8-9180-9E14FA2B2BA5}.Debug|Any CPU.ActiveCfg = Debug|Any CPU
		{ECAD36D8-53A0-43D8-9180-9E14FA2B2BA5}.Debug|Any CPU.Build.0 = Debug|Any CPU
		{ECAD36D8-53A0-43D8-9180-9E14FA2B2BA5}.Debug|x64.ActiveCfg = Debug|Any CPU
		{ECAD36D8-53A0-43D8-9180-9E14FA2B2BA5}.Debug|x64.Build.0 = Debug|Any CPU
		{ECAD36D8-53A0-43D8-9180-9E14FA2B2BA5}.Debug|x86.ActiveCfg = Debug|Any CPU
		{ECAD36D8-53A0-43D8-9180-9E14FA2B2BA5}.Debug|x86.Build.0 = Debug|Any CPU
		{ECAD36D8-53A0-43D8-9180-9E14FA2B2BA5}.Release|Any CPU.ActiveCfg = Release|Any CPU
		{ECAD36D8-53A0-43D8-9180-9E14FA2B2BA5}.Release|Any CPU.Build.0 = Release|Any CPU
		{ECAD36D8-53A0-43D8-9180-9E14FA2B2BA5}.Release|x64.ActiveCfg = Release|Any CPU
		{ECAD36D8-53A0-43D8-9180-9E14FA2B2BA5}.Release|x64.Build.0 = Release|Any CPU
		{ECAD36D8-53A0-43D8-9180-9E14FA2B2BA5}.Release|x86.ActiveCfg = Release|Any CPU
		{ECAD36D8-53A0-43D8-9180-9E14FA2B2BA5}.Release|x86.Build.0 = Release|Any CPU
		{DAFA72E9-55C6-4E37-AF4A-4D672AE62F00}.Debug|Any CPU.ActiveCfg = Debug|Any CPU
		{DAFA72E9-55C6-4E37-AF4A-4D672AE62F00}.Debug|Any CPU.Build.0 = Debug|Any CPU
		{DAFA72E9-55C6-4E37-AF4A-4D672AE62F00}.Debug|x64.ActiveCfg = Debug|Any CPU
		{DAFA72E9-55C6-4E37-AF4A-4D672AE62F00}.Debug|x64.Build.0 = Debug|Any CPU
		{DAFA72E9-55C6-4E37-AF4A-4D672AE62F00}.Debug|x86.ActiveCfg = Debug|Any CPU
		{DAFA72E9-55C6-4E37-AF4A-4D672AE62F00}.Debug|x86.Build.0 = Debug|Any CPU
		{DAFA72E9-55C6-4E37-AF4A-4D672AE62F00}.Release|Any CPU.ActiveCfg = Release|Any CPU
		{DAFA72E9-55C6-4E37-AF4A-4D672AE62F00}.Release|Any CPU.Build.0 = Release|Any CPU
		{DAFA72E9-55C6-4E37-AF4A-4D672AE62F00}.Release|x64.ActiveCfg = Release|Any CPU
		{DAFA72E9-55C6-4E37-AF4A-4D672AE62F00}.Release|x64.Build.0 = Release|Any CPU
		{DAFA72E9-55C6-4E37-AF4A-4D672AE62F00}.Release|x86.ActiveCfg = Release|Any CPU
		{DAFA72E9-55C6-4E37-AF4A-4D672AE62F00}.Release|x86.Build.0 = Release|Any CPU
		{F3DA1D42-DB34-480B-924B-EEF32E3FFC12}.Debug|Any CPU.ActiveCfg = Debug|Any CPU
		{F3DA1D42-DB34-480B-924B-EEF32E3FFC12}.Debug|Any CPU.Build.0 = Debug|Any CPU
		{F3DA1D42-DB34-480B-924B-EEF32E3FFC12}.Debug|x64.ActiveCfg = Debug|Any CPU
		{F3DA1D42-DB34-480B-924B-EEF32E3FFC12}.Debug|x64.Build.0 = Debug|Any CPU
		{F3DA1D42-DB34-480B-924B-EEF32E3FFC12}.Debug|x86.ActiveCfg = Debug|Any CPU
		{F3DA1D42-DB34-480B-924B-EEF32E3FFC12}.Debug|x86.Build.0 = Debug|Any CPU
		{F3DA1D42-DB34-480B-924B-EEF32E3FFC12}.Release|Any CPU.ActiveCfg = Release|Any CPU
		{F3DA1D42-DB34-480B-924B-EEF32E3FFC12}.Release|Any CPU.Build.0 = Release|Any CPU
		{F3DA1D42-DB34-480B-924B-EEF32E3FFC12}.Release|x64.ActiveCfg = Release|Any CPU
		{F3DA1D42-DB34-480B-924B-EEF32E3FFC12}.Release|x64.Build.0 = Release|Any CPU
		{F3DA1D42-DB34-480B-924B-EEF32E3FFC12}.Release|x86.ActiveCfg = Release|Any CPU
		{F3DA1D42-DB34-480B-924B-EEF32E3FFC12}.Release|x86.Build.0 = Release|Any CPU
		{5D03B21C-2BBB-4A0F-B199-602A1308F21F}.Debug|Any CPU.ActiveCfg = Debug|Any CPU
		{5D03B21C-2BBB-4A0F-B199-602A1308F21F}.Debug|Any CPU.Build.0 = Debug|Any CPU
		{5D03B21C-2BBB-4A0F-B199-602A1308F21F}.Debug|x64.ActiveCfg = Debug|Any CPU
		{5D03B21C-2BBB-4A0F-B199-602A1308F21F}.Debug|x64.Build.0 = Debug|Any CPU
		{5D03B21C-2BBB-4A0F-B199-602A1308F21F}.Debug|x86.ActiveCfg = Debug|Any CPU
		{5D03B21C-2BBB-4A0F-B199-602A1308F21F}.Debug|x86.Build.0 = Debug|Any CPU
		{5D03B21C-2BBB-4A0F-B199-602A1308F21F}.Release|Any CPU.ActiveCfg = Release|Any CPU
		{5D03B21C-2BBB-4A0F-B199-602A1308F21F}.Release|Any CPU.Build.0 = Release|Any CPU
		{5D03B21C-2BBB-4A0F-B199-602A1308F21F}.Release|x64.ActiveCfg = Release|Any CPU
		{5D03B21C-2BBB-4A0F-B199-602A1308F21F}.Release|x64.Build.0 = Release|Any CPU
		{5D03B21C-2BBB-4A0F-B199-602A1308F21F}.Release|x86.ActiveCfg = Release|Any CPU
		{5D03B21C-2BBB-4A0F-B199-602A1308F21F}.Release|x86.Build.0 = Release|Any CPU
		{22803727-267C-49FE-A12B-2D5CF8780583}.Debug|Any CPU.ActiveCfg = Debug|Any CPU
		{22803727-267C-49FE-A12B-2D5CF8780583}.Debug|Any CPU.Build.0 = Debug|Any CPU
		{22803727-267C-49FE-A12B-2D5CF8780583}.Debug|x64.ActiveCfg = Debug|Any CPU
		{22803727-267C-49FE-A12B-2D5CF8780583}.Debug|x64.Build.0 = Debug|Any CPU
		{22803727-267C-49FE-A12B-2D5CF8780583}.Debug|x86.ActiveCfg = Debug|Any CPU
		{22803727-267C-49FE-A12B-2D5CF8780583}.Debug|x86.Build.0 = Debug|Any CPU
		{22803727-267C-49FE-A12B-2D5CF8780583}.Release|Any CPU.ActiveCfg = Release|Any CPU
		{22803727-267C-49FE-A12B-2D5CF8780583}.Release|Any CPU.Build.0 = Release|Any CPU
		{22803727-267C-49FE-A12B-2D5CF8780583}.Release|x64.ActiveCfg = Release|Any CPU
		{22803727-267C-49FE-A12B-2D5CF8780583}.Release|x64.Build.0 = Release|Any CPU
		{22803727-267C-49FE-A12B-2D5CF8780583}.Release|x86.ActiveCfg = Release|Any CPU
		{22803727-267C-49FE-A12B-2D5CF8780583}.Release|x86.Build.0 = Release|Any CPU
		{2A40A576-9351-48F1-9723-2BE77A6A303C}.Debug|Any CPU.ActiveCfg = Debug|Any CPU
		{2A40A576-9351-48F1-9723-2BE77A6A303C}.Debug|Any CPU.Build.0 = Debug|Any CPU
		{2A40A576-9351-48F1-9723-2BE77A6A303C}.Debug|x64.ActiveCfg = Debug|Any CPU
		{2A40A576-9351-48F1-9723-2BE77A6A303C}.Debug|x64.Build.0 = Debug|Any CPU
		{2A40A576-9351-48F1-9723-2BE77A6A303C}.Debug|x86.ActiveCfg = Debug|Any CPU
		{2A40A576-9351-48F1-9723-2BE77A6A303C}.Debug|x86.Build.0 = Debug|Any CPU
		{2A40A576-9351-48F1-9723-2BE77A6A303C}.Release|Any CPU.ActiveCfg = Release|Any CPU
		{2A40A576-9351-48F1-9723-2BE77A6A303C}.Release|Any CPU.Build.0 = Release|Any CPU
		{2A40A576-9351-48F1-9723-2BE77A6A303C}.Release|x64.ActiveCfg = Release|Any CPU
		{2A40A576-9351-48F1-9723-2BE77A6A303C}.Release|x64.Build.0 = Release|Any CPU
		{2A40A576-9351-48F1-9723-2BE77A6A303C}.Release|x86.ActiveCfg = Release|Any CPU
		{2A40A576-9351-48F1-9723-2BE77A6A303C}.Release|x86.Build.0 = Release|Any CPU
		{354A0796-6F4B-46EB-89CF-0F1A70ACB70E}.Debug|Any CPU.ActiveCfg = Debug|Any CPU
		{354A0796-6F4B-46EB-89CF-0F1A70ACB70E}.Debug|Any CPU.Build.0 = Debug|Any CPU
		{354A0796-6F4B-46EB-89CF-0F1A70ACB70E}.Debug|x64.ActiveCfg = Debug|Any CPU
		{354A0796-6F4B-46EB-89CF-0F1A70ACB70E}.Debug|x64.Build.0 = Debug|Any CPU
		{354A0796-6F4B-46EB-89CF-0F1A70ACB70E}.Debug|x86.ActiveCfg = Debug|Any CPU
		{354A0796-6F4B-46EB-89CF-0F1A70ACB70E}.Debug|x86.Build.0 = Debug|Any CPU
		{354A0796-6F4B-46EB-89CF-0F1A70ACB70E}.Release|Any CPU.ActiveCfg = Release|Any CPU
		{354A0796-6F4B-46EB-89CF-0F1A70ACB70E}.Release|Any CPU.Build.0 = Release|Any CPU
		{354A0796-6F4B-46EB-89CF-0F1A70ACB70E}.Release|x64.ActiveCfg = Release|Any CPU
		{354A0796-6F4B-46EB-89CF-0F1A70ACB70E}.Release|x64.Build.0 = Release|Any CPU
		{354A0796-6F4B-46EB-89CF-0F1A70ACB70E}.Release|x86.ActiveCfg = Release|Any CPU
		{354A0796-6F4B-46EB-89CF-0F1A70ACB70E}.Release|x86.Build.0 = Release|Any CPU
		{D2ECB565-C741-44E5-B0C0-863F962CF89C}.Debug|Any CPU.ActiveCfg = Debug|Any CPU
		{D2ECB565-C741-44E5-B0C0-863F962CF89C}.Debug|Any CPU.Build.0 = Debug|Any CPU
		{D2ECB565-C741-44E5-B0C0-863F962CF89C}.Debug|x64.ActiveCfg = Debug|Any CPU
		{D2ECB565-C741-44E5-B0C0-863F962CF89C}.Debug|x64.Build.0 = Debug|Any CPU
		{D2ECB565-C741-44E5-B0C0-863F962CF89C}.Debug|x86.ActiveCfg = Debug|Any CPU
		{D2ECB565-C741-44E5-B0C0-863F962CF89C}.Debug|x86.Build.0 = Debug|Any CPU
		{D2ECB565-C741-44E5-B0C0-863F962CF89C}.Release|Any CPU.ActiveCfg = Release|Any CPU
		{D2ECB565-C741-44E5-B0C0-863F962CF89C}.Release|Any CPU.Build.0 = Release|Any CPU
		{D2ECB565-C741-44E5-B0C0-863F962CF89C}.Release|x64.ActiveCfg = Release|Any CPU
		{D2ECB565-C741-44E5-B0C0-863F962CF89C}.Release|x64.Build.0 = Release|Any CPU
		{D2ECB565-C741-44E5-B0C0-863F962CF89C}.Release|x86.ActiveCfg = Release|Any CPU
		{D2ECB565-C741-44E5-B0C0-863F962CF89C}.Release|x86.Build.0 = Release|Any CPU
		{4FD8B55E-8F6D-495F-878C-28DDE62701AD}.Debug|Any CPU.ActiveCfg = Debug|Any CPU
		{4FD8B55E-8F6D-495F-878C-28DDE62701AD}.Debug|Any CPU.Build.0 = Debug|Any CPU
		{4FD8B55E-8F6D-495F-878C-28DDE62701AD}.Debug|x64.ActiveCfg = Debug|Any CPU
		{4FD8B55E-8F6D-495F-878C-28DDE62701AD}.Debug|x64.Build.0 = Debug|Any CPU
		{4FD8B55E-8F6D-495F-878C-28DDE62701AD}.Debug|x86.ActiveCfg = Debug|Any CPU
		{4FD8B55E-8F6D-495F-878C-28DDE62701AD}.Debug|x86.Build.0 = Debug|Any CPU
		{4FD8B55E-8F6D-495F-878C-28DDE62701AD}.Release|Any CPU.ActiveCfg = Release|Any CPU
		{4FD8B55E-8F6D-495F-878C-28DDE62701AD}.Release|Any CPU.Build.0 = Release|Any CPU
		{4FD8B55E-8F6D-495F-878C-28DDE62701AD}.Release|x64.ActiveCfg = Release|Any CPU
		{4FD8B55E-8F6D-495F-878C-28DDE62701AD}.Release|x64.Build.0 = Release|Any CPU
		{4FD8B55E-8F6D-495F-878C-28DDE62701AD}.Release|x86.ActiveCfg = Release|Any CPU
		{4FD8B55E-8F6D-495F-878C-28DDE62701AD}.Release|x86.Build.0 = Release|Any CPU
		{7C2BECAC-8A7D-44BC-9733-8B1EFE1104AE}.Debug|Any CPU.ActiveCfg = Debug|Any CPU
		{7C2BECAC-8A7D-44BC-9733-8B1EFE1104AE}.Debug|Any CPU.Build.0 = Debug|Any CPU
		{7C2BECAC-8A7D-44BC-9733-8B1EFE1104AE}.Debug|x64.ActiveCfg = Debug|Any CPU
		{7C2BECAC-8A7D-44BC-9733-8B1EFE1104AE}.Debug|x64.Build.0 = Debug|Any CPU
		{7C2BECAC-8A7D-44BC-9733-8B1EFE1104AE}.Debug|x86.ActiveCfg = Debug|Any CPU
		{7C2BECAC-8A7D-44BC-9733-8B1EFE1104AE}.Debug|x86.Build.0 = Debug|Any CPU
		{7C2BECAC-8A7D-44BC-9733-8B1EFE1104AE}.Release|Any CPU.ActiveCfg = Release|Any CPU
		{7C2BECAC-8A7D-44BC-9733-8B1EFE1104AE}.Release|Any CPU.Build.0 = Release|Any CPU
		{7C2BECAC-8A7D-44BC-9733-8B1EFE1104AE}.Release|x64.ActiveCfg = Release|Any CPU
		{7C2BECAC-8A7D-44BC-9733-8B1EFE1104AE}.Release|x64.Build.0 = Release|Any CPU
		{7C2BECAC-8A7D-44BC-9733-8B1EFE1104AE}.Release|x86.ActiveCfg = Release|Any CPU
		{7C2BECAC-8A7D-44BC-9733-8B1EFE1104AE}.Release|x86.Build.0 = Release|Any CPU
		{983B4A05-3DA2-4AF7-B359-2E2275090CD5}.Debug|Any CPU.ActiveCfg = Debug|Any CPU
		{983B4A05-3DA2-4AF7-B359-2E2275090CD5}.Debug|Any CPU.Build.0 = Debug|Any CPU
		{983B4A05-3DA2-4AF7-B359-2E2275090CD5}.Debug|x64.ActiveCfg = Debug|Any CPU
		{983B4A05-3DA2-4AF7-B359-2E2275090CD5}.Debug|x64.Build.0 = Debug|Any CPU
		{983B4A05-3DA2-4AF7-B359-2E2275090CD5}.Debug|x86.ActiveCfg = Debug|Any CPU
		{983B4A05-3DA2-4AF7-B359-2E2275090CD5}.Debug|x86.Build.0 = Debug|Any CPU
		{983B4A05-3DA2-4AF7-B359-2E2275090CD5}.Release|Any CPU.ActiveCfg = Release|Any CPU
		{983B4A05-3DA2-4AF7-B359-2E2275090CD5}.Release|Any CPU.Build.0 = Release|Any CPU
		{983B4A05-3DA2-4AF7-B359-2E2275090CD5}.Release|x64.ActiveCfg = Release|Any CPU
		{983B4A05-3DA2-4AF7-B359-2E2275090CD5}.Release|x64.Build.0 = Release|Any CPU
		{983B4A05-3DA2-4AF7-B359-2E2275090CD5}.Release|x86.ActiveCfg = Release|Any CPU
		{983B4A05-3DA2-4AF7-B359-2E2275090CD5}.Release|x86.Build.0 = Release|Any CPU
		{6BDC3206-39D9-4498-8625-436957B31FF0}.Debug|Any CPU.ActiveCfg = Debug|Any CPU
		{6BDC3206-39D9-4498-8625-436957B31FF0}.Debug|Any CPU.Build.0 = Debug|Any CPU
		{6BDC3206-39D9-4498-8625-436957B31FF0}.Debug|x64.ActiveCfg = Debug|Any CPU
		{6BDC3206-39D9-4498-8625-436957B31FF0}.Debug|x64.Build.0 = Debug|Any CPU
		{6BDC3206-39D9-4498-8625-436957B31FF0}.Debug|x86.ActiveCfg = Debug|Any CPU
		{6BDC3206-39D9-4498-8625-436957B31FF0}.Debug|x86.Build.0 = Debug|Any CPU
		{6BDC3206-39D9-4498-8625-436957B31FF0}.Release|Any CPU.ActiveCfg = Release|Any CPU
		{6BDC3206-39D9-4498-8625-436957B31FF0}.Release|Any CPU.Build.0 = Release|Any CPU
		{6BDC3206-39D9-4498-8625-436957B31FF0}.Release|x64.ActiveCfg = Release|Any CPU
		{6BDC3206-39D9-4498-8625-436957B31FF0}.Release|x64.Build.0 = Release|Any CPU
		{6BDC3206-39D9-4498-8625-436957B31FF0}.Release|x86.ActiveCfg = Release|Any CPU
		{6BDC3206-39D9-4498-8625-436957B31FF0}.Release|x86.Build.0 = Release|Any CPU
		{15BAEFE3-0A55-4749-96C3-09E7FB0FF5F3}.Debug|Any CPU.ActiveCfg = Debug|Any CPU
		{15BAEFE3-0A55-4749-96C3-09E7FB0FF5F3}.Debug|Any CPU.Build.0 = Debug|Any CPU
		{15BAEFE3-0A55-4749-96C3-09E7FB0FF5F3}.Debug|x64.ActiveCfg = Debug|Any CPU
		{15BAEFE3-0A55-4749-96C3-09E7FB0FF5F3}.Debug|x64.Build.0 = Debug|Any CPU
		{15BAEFE3-0A55-4749-96C3-09E7FB0FF5F3}.Debug|x86.ActiveCfg = Debug|Any CPU
		{15BAEFE3-0A55-4749-96C3-09E7FB0FF5F3}.Debug|x86.Build.0 = Debug|Any CPU
		{15BAEFE3-0A55-4749-96C3-09E7FB0FF5F3}.Release|Any CPU.ActiveCfg = Release|Any CPU
		{15BAEFE3-0A55-4749-96C3-09E7FB0FF5F3}.Release|Any CPU.Build.0 = Release|Any CPU
		{15BAEFE3-0A55-4749-96C3-09E7FB0FF5F3}.Release|x64.ActiveCfg = Release|Any CPU
		{15BAEFE3-0A55-4749-96C3-09E7FB0FF5F3}.Release|x64.Build.0 = Release|Any CPU
		{15BAEFE3-0A55-4749-96C3-09E7FB0FF5F3}.Release|x86.ActiveCfg = Release|Any CPU
		{15BAEFE3-0A55-4749-96C3-09E7FB0FF5F3}.Release|x86.Build.0 = Release|Any CPU
		{256558C4-475A-46F4-A852-C640E1C28FBC}.Debug|Any CPU.ActiveCfg = Debug|Any CPU
		{256558C4-475A-46F4-A852-C640E1C28FBC}.Debug|Any CPU.Build.0 = Debug|Any CPU
		{256558C4-475A-46F4-A852-C640E1C28FBC}.Debug|x64.ActiveCfg = Debug|Any CPU
		{256558C4-475A-46F4-A852-C640E1C28FBC}.Debug|x64.Build.0 = Debug|Any CPU
		{256558C4-475A-46F4-A852-C640E1C28FBC}.Debug|x86.ActiveCfg = Debug|Any CPU
		{256558C4-475A-46F4-A852-C640E1C28FBC}.Debug|x86.Build.0 = Debug|Any CPU
		{256558C4-475A-46F4-A852-C640E1C28FBC}.Release|Any CPU.ActiveCfg = Release|Any CPU
		{256558C4-475A-46F4-A852-C640E1C28FBC}.Release|Any CPU.Build.0 = Release|Any CPU
		{256558C4-475A-46F4-A852-C640E1C28FBC}.Release|x64.ActiveCfg = Release|Any CPU
		{256558C4-475A-46F4-A852-C640E1C28FBC}.Release|x64.Build.0 = Release|Any CPU
		{256558C4-475A-46F4-A852-C640E1C28FBC}.Release|x86.ActiveCfg = Release|Any CPU
		{256558C4-475A-46F4-A852-C640E1C28FBC}.Release|x86.Build.0 = Release|Any CPU
		{D0F853FB-A3E1-4091-9E05-733E78CE1F41}.Debug|Any CPU.ActiveCfg = Debug|Any CPU
		{D0F853FB-A3E1-4091-9E05-733E78CE1F41}.Debug|Any CPU.Build.0 = Debug|Any CPU
		{D0F853FB-A3E1-4091-9E05-733E78CE1F41}.Debug|x64.ActiveCfg = Debug|Any CPU
		{D0F853FB-A3E1-4091-9E05-733E78CE1F41}.Debug|x64.Build.0 = Debug|Any CPU
		{D0F853FB-A3E1-4091-9E05-733E78CE1F41}.Debug|x86.ActiveCfg = Debug|Any CPU
		{D0F853FB-A3E1-4091-9E05-733E78CE1F41}.Debug|x86.Build.0 = Debug|Any CPU
		{D0F853FB-A3E1-4091-9E05-733E78CE1F41}.Release|Any CPU.ActiveCfg = Release|Any CPU
		{D0F853FB-A3E1-4091-9E05-733E78CE1F41}.Release|Any CPU.Build.0 = Release|Any CPU
		{D0F853FB-A3E1-4091-9E05-733E78CE1F41}.Release|x64.ActiveCfg = Release|Any CPU
		{D0F853FB-A3E1-4091-9E05-733E78CE1F41}.Release|x64.Build.0 = Release|Any CPU
		{D0F853FB-A3E1-4091-9E05-733E78CE1F41}.Release|x86.ActiveCfg = Release|Any CPU
		{D0F853FB-A3E1-4091-9E05-733E78CE1F41}.Release|x86.Build.0 = Release|Any CPU
		{D0F853FB-A3E1-4091-9E05-733E78CE1F42}.Debug|Any CPU.ActiveCfg = Debug|Any CPU
		{D0F853FB-A3E1-4091-9E05-733E78CE1F42}.Debug|Any CPU.Build.0 = Debug|Any CPU
		{D0F853FB-A3E1-4091-9E05-733E78CE1F42}.Debug|x64.ActiveCfg = Debug|Any CPU
		{D0F853FB-A3E1-4091-9E05-733E78CE1F42}.Debug|x64.Build.0 = Debug|Any CPU
		{D0F853FB-A3E1-4091-9E05-733E78CE1F42}.Debug|x86.ActiveCfg = Debug|Any CPU
		{D0F853FB-A3E1-4091-9E05-733E78CE1F42}.Debug|x86.Build.0 = Debug|Any CPU
		{D0F853FB-A3E1-4091-9E05-733E78CE1F42}.Release|Any CPU.ActiveCfg = Release|Any CPU
		{D0F853FB-A3E1-4091-9E05-733E78CE1F42}.Release|Any CPU.Build.0 = Release|Any CPU
		{D0F853FB-A3E1-4091-9E05-733E78CE1F42}.Release|x64.ActiveCfg = Release|Any CPU
		{D0F853FB-A3E1-4091-9E05-733E78CE1F42}.Release|x64.Build.0 = Release|Any CPU
		{D0F853FB-A3E1-4091-9E05-733E78CE1F42}.Release|x86.ActiveCfg = Release|Any CPU
		{D0F853FB-A3E1-4091-9E05-733E78CE1F42}.Release|x86.Build.0 = Release|Any CPU
		{357CE1CE-72A8-427A-8163-145588449536}.Debug|Any CPU.ActiveCfg = Debug|Any CPU
		{357CE1CE-72A8-427A-8163-145588449536}.Debug|Any CPU.Build.0 = Debug|Any CPU
		{357CE1CE-72A8-427A-8163-145588449536}.Debug|x64.ActiveCfg = Debug|Any CPU
		{357CE1CE-72A8-427A-8163-145588449536}.Debug|x64.Build.0 = Debug|Any CPU
		{357CE1CE-72A8-427A-8163-145588449536}.Debug|x86.ActiveCfg = Debug|Any CPU
		{357CE1CE-72A8-427A-8163-145588449536}.Debug|x86.Build.0 = Debug|Any CPU
		{357CE1CE-72A8-427A-8163-145588449536}.Release|Any CPU.ActiveCfg = Release|Any CPU
		{357CE1CE-72A8-427A-8163-145588449536}.Release|Any CPU.Build.0 = Release|Any CPU
		{357CE1CE-72A8-427A-8163-145588449536}.Release|x64.ActiveCfg = Release|Any CPU
		{357CE1CE-72A8-427A-8163-145588449536}.Release|x64.Build.0 = Release|Any CPU
		{357CE1CE-72A8-427A-8163-145588449536}.Release|x86.ActiveCfg = Release|Any CPU
		{357CE1CE-72A8-427A-8163-145588449536}.Release|x86.Build.0 = Release|Any CPU
		{B0D747FE-05A0-43F9-8BBD-43A080F20ADB}.Debug|Any CPU.ActiveCfg = Debug|Any CPU
		{B0D747FE-05A0-43F9-8BBD-43A080F20ADB}.Debug|Any CPU.Build.0 = Debug|Any CPU
		{B0D747FE-05A0-43F9-8BBD-43A080F20ADB}.Debug|x64.ActiveCfg = Debug|Any CPU
		{B0D747FE-05A0-43F9-8BBD-43A080F20ADB}.Debug|x64.Build.0 = Debug|Any CPU
		{B0D747FE-05A0-43F9-8BBD-43A080F20ADB}.Debug|x86.ActiveCfg = Debug|Any CPU
		{B0D747FE-05A0-43F9-8BBD-43A080F20ADB}.Debug|x86.Build.0 = Debug|Any CPU
		{B0D747FE-05A0-43F9-8BBD-43A080F20ADB}.Release|Any CPU.ActiveCfg = Release|Any CPU
		{B0D747FE-05A0-43F9-8BBD-43A080F20ADB}.Release|Any CPU.Build.0 = Release|Any CPU
		{B0D747FE-05A0-43F9-8BBD-43A080F20ADB}.Release|x64.ActiveCfg = Release|Any CPU
		{B0D747FE-05A0-43F9-8BBD-43A080F20ADB}.Release|x64.Build.0 = Release|Any CPU
		{B0D747FE-05A0-43F9-8BBD-43A080F20ADB}.Release|x86.ActiveCfg = Release|Any CPU
		{B0D747FE-05A0-43F9-8BBD-43A080F20ADB}.Release|x86.Build.0 = Release|Any CPU
		{517C27F5-DBF2-4F68-B66F-885F683ED922}.Debug|Any CPU.ActiveCfg = Debug|Any CPU
		{517C27F5-DBF2-4F68-B66F-885F683ED922}.Debug|Any CPU.Build.0 = Debug|Any CPU
		{517C27F5-DBF2-4F68-B66F-885F683ED922}.Debug|x64.ActiveCfg = Debug|Any CPU
		{517C27F5-DBF2-4F68-B66F-885F683ED922}.Debug|x64.Build.0 = Debug|Any CPU
		{517C27F5-DBF2-4F68-B66F-885F683ED922}.Debug|x86.ActiveCfg = Debug|Any CPU
		{517C27F5-DBF2-4F68-B66F-885F683ED922}.Debug|x86.Build.0 = Debug|Any CPU
		{517C27F5-DBF2-4F68-B66F-885F683ED922}.Release|Any CPU.ActiveCfg = Release|Any CPU
		{517C27F5-DBF2-4F68-B66F-885F683ED922}.Release|Any CPU.Build.0 = Release|Any CPU
		{517C27F5-DBF2-4F68-B66F-885F683ED922}.Release|x64.ActiveCfg = Release|Any CPU
		{517C27F5-DBF2-4F68-B66F-885F683ED922}.Release|x64.Build.0 = Release|Any CPU
		{517C27F5-DBF2-4F68-B66F-885F683ED922}.Release|x86.ActiveCfg = Release|Any CPU
		{517C27F5-DBF2-4F68-B66F-885F683ED922}.Release|x86.Build.0 = Release|Any CPU
		{DCC20AEC-A912-4CD9-86FC-499BBEC24E90}.Debug|Any CPU.ActiveCfg = Debug|Any CPU
		{DCC20AEC-A912-4CD9-86FC-499BBEC24E90}.Debug|Any CPU.Build.0 = Debug|Any CPU
		{DCC20AEC-A912-4CD9-86FC-499BBEC24E90}.Debug|x64.ActiveCfg = Debug|Any CPU
		{DCC20AEC-A912-4CD9-86FC-499BBEC24E90}.Debug|x64.Build.0 = Debug|Any CPU
		{DCC20AEC-A912-4CD9-86FC-499BBEC24E90}.Debug|x86.ActiveCfg = Debug|Any CPU
		{DCC20AEC-A912-4CD9-86FC-499BBEC24E90}.Debug|x86.Build.0 = Debug|Any CPU
		{DCC20AEC-A912-4CD9-86FC-499BBEC24E90}.Release|Any CPU.ActiveCfg = Release|Any CPU
		{DCC20AEC-A912-4CD9-86FC-499BBEC24E90}.Release|Any CPU.Build.0 = Release|Any CPU
		{DCC20AEC-A912-4CD9-86FC-499BBEC24E90}.Release|x64.ActiveCfg = Release|Any CPU
		{DCC20AEC-A912-4CD9-86FC-499BBEC24E90}.Release|x64.Build.0 = Release|Any CPU
		{DCC20AEC-A912-4CD9-86FC-499BBEC24E90}.Release|x86.ActiveCfg = Release|Any CPU
		{DCC20AEC-A912-4CD9-86FC-499BBEC24E90}.Release|x86.Build.0 = Release|Any CPU
		{1967968B-457D-4A1C-A463-1127CAAE2818}.Debug|Any CPU.ActiveCfg = Debug|Any CPU
		{1967968B-457D-4A1C-A463-1127CAAE2818}.Debug|Any CPU.Build.0 = Debug|Any CPU
		{1967968B-457D-4A1C-A463-1127CAAE2818}.Debug|x64.ActiveCfg = Debug|Any CPU
		{1967968B-457D-4A1C-A463-1127CAAE2818}.Debug|x64.Build.0 = Debug|Any CPU
		{1967968B-457D-4A1C-A463-1127CAAE2818}.Debug|x86.ActiveCfg = Debug|Any CPU
		{1967968B-457D-4A1C-A463-1127CAAE2818}.Debug|x86.Build.0 = Debug|Any CPU
		{1967968B-457D-4A1C-A463-1127CAAE2818}.Release|Any CPU.ActiveCfg = Release|Any CPU
		{1967968B-457D-4A1C-A463-1127CAAE2818}.Release|Any CPU.Build.0 = Release|Any CPU
		{1967968B-457D-4A1C-A463-1127CAAE2818}.Release|x64.ActiveCfg = Release|Any CPU
		{1967968B-457D-4A1C-A463-1127CAAE2818}.Release|x64.Build.0 = Release|Any CPU
		{1967968B-457D-4A1C-A463-1127CAAE2818}.Release|x86.ActiveCfg = Release|Any CPU
		{1967968B-457D-4A1C-A463-1127CAAE2818}.Release|x86.Build.0 = Release|Any CPU
		{2310A9CD-F373-45BB-9844-FA8073DBF382}.Debug|Any CPU.ActiveCfg = Debug|Any CPU
		{2310A9CD-F373-45BB-9844-FA8073DBF382}.Debug|Any CPU.Build.0 = Debug|Any CPU
		{2310A9CD-F373-45BB-9844-FA8073DBF382}.Debug|x64.ActiveCfg = Debug|Any CPU
		{2310A9CD-F373-45BB-9844-FA8073DBF382}.Debug|x64.Build.0 = Debug|Any CPU
		{2310A9CD-F373-45BB-9844-FA8073DBF382}.Debug|x86.ActiveCfg = Debug|Any CPU
		{2310A9CD-F373-45BB-9844-FA8073DBF382}.Debug|x86.Build.0 = Debug|Any CPU
		{2310A9CD-F373-45BB-9844-FA8073DBF382}.Release|Any CPU.ActiveCfg = Release|Any CPU
		{2310A9CD-F373-45BB-9844-FA8073DBF382}.Release|Any CPU.Build.0 = Release|Any CPU
		{2310A9CD-F373-45BB-9844-FA8073DBF382}.Release|x64.ActiveCfg = Release|Any CPU
		{2310A9CD-F373-45BB-9844-FA8073DBF382}.Release|x64.Build.0 = Release|Any CPU
		{2310A9CD-F373-45BB-9844-FA8073DBF382}.Release|x86.ActiveCfg = Release|Any CPU
		{2310A9CD-F373-45BB-9844-FA8073DBF382}.Release|x86.Build.0 = Release|Any CPU
	EndGlobalSection
	GlobalSection(SolutionProperties) = preSolution
		HideSolutionNode = FALSE
	EndGlobalSection
	GlobalSection(NestedProjects) = preSolution
		{A2BBD98A-0862-414F-93A4-BAE0AE9AD654} = {0B5D4C83-181F-44AD-8F24-95599BFD66B8}
		{5261B584-C338-4573-B4A0-F76C56D89F6C} = {0B5D4C83-181F-44AD-8F24-95599BFD66B8}
		{58568DAD-EF5D-4CA9-9812-2FAE30B849DB} = {0B5D4C83-181F-44AD-8F24-95599BFD66B8}
		{7C01D118-BD40-4B0D-8728-6D61ED623081} = {73CF9B6D-0B40-422E-8F55-9D0C134E9E37}
		{5C693BE3-CD4A-40C9-8105-93681BF5B5A6} = {73CF9B6D-0B40-422E-8F55-9D0C134E9E37}
		{0BAAF301-23F3-49AC-B167-B8A88565F95B} = {73CF9B6D-0B40-422E-8F55-9D0C134E9E37}
		{1026C1CC-83E8-444C-9B16-28E68C50A727} = {DAAE6286-93E2-4F2B-81D2-A32A9F024595}
		{49146BDD-2797-4208-97CA-66811DF01FD2} = {0B5D4C83-181F-44AD-8F24-95599BFD66B8}
		{323E3AD6-158E-4381-A021-98ABF664F7A7} = {73CF9B6D-0B40-422E-8F55-9D0C134E9E37}
		{2198079C-5EF7-4E57-9B78-7086E0A40035} = {0B5D4C83-181F-44AD-8F24-95599BFD66B8}
		{B33DB0C4-15AD-49E5-8F63-9A03E2DCC70C} = {0B5D4C83-181F-44AD-8F24-95599BFD66B8}
		{ECAD36D8-53A0-43D8-9180-9E14FA2B2BA5} = {73CF9B6D-0B40-422E-8F55-9D0C134E9E37}
		{DAFA72E9-55C6-4E37-AF4A-4D672AE62F00} = {73CF9B6D-0B40-422E-8F55-9D0C134E9E37}
		{F3DA1D42-DB34-480B-924B-EEF32E3FFC12} = {73CF9B6D-0B40-422E-8F55-9D0C134E9E37}
		{5D03B21C-2BBB-4A0F-B199-602A1308F21F} = {0B5D4C83-181F-44AD-8F24-95599BFD66B8}
		{22803727-267C-49FE-A12B-2D5CF8780583} = {73CF9B6D-0B40-422E-8F55-9D0C134E9E37}
		{2A40A576-9351-48F1-9723-2BE77A6A303C} = {0B5D4C83-181F-44AD-8F24-95599BFD66B8}
		{354A0796-6F4B-46EB-89CF-0F1A70ACB70E} = {0B5D4C83-181F-44AD-8F24-95599BFD66B8}
		{D2ECB565-C741-44E5-B0C0-863F962CF89C} = {0B5D4C83-181F-44AD-8F24-95599BFD66B8}
		{4FD8B55E-8F6D-495F-878C-28DDE62701AD} = {73CF9B6D-0B40-422E-8F55-9D0C134E9E37}
		{7C2BECAC-8A7D-44BC-9733-8B1EFE1104AE} = {73CF9B6D-0B40-422E-8F55-9D0C134E9E37}
		{983B4A05-3DA2-4AF7-B359-2E2275090CD5} = {73CF9B6D-0B40-422E-8F55-9D0C134E9E37}
		{6BDC3206-39D9-4498-8625-436957B31FF0} = {0B5D4C83-181F-44AD-8F24-95599BFD66B8}
		{15BAEFE3-0A55-4749-96C3-09E7FB0FF5F3} = {0B5D4C83-181F-44AD-8F24-95599BFD66B8}
		{256558C4-475A-46F4-A852-C640E1C28FBC} = {0B5D4C83-181F-44AD-8F24-95599BFD66B8}
		{D0F853FB-A3E1-4091-9E05-733E78CE1F41} = {73CF9B6D-0B40-422E-8F55-9D0C134E9E37}
		{D0F853FB-A3E1-4091-9E05-733E78CE1F42} = {73CF9B6D-0B40-422E-8F55-9D0C134E9E37}
		{357CE1CE-72A8-427A-8163-145588449536} = {73CF9B6D-0B40-422E-8F55-9D0C134E9E37}
		{B0D747FE-05A0-43F9-8BBD-43A080F20ADB} = {0B5D4C83-181F-44AD-8F24-95599BFD66B8}
		{517C27F5-DBF2-4F68-B66F-885F683ED922} = {73CF9B6D-0B40-422E-8F55-9D0C134E9E37}
		{DCC20AEC-A912-4CD9-86FC-499BBEC24E90} = {0B5D4C83-181F-44AD-8F24-95599BFD66B8}
		{1967968B-457D-4A1C-A463-1127CAAE2818} = {0B5D4C83-181F-44AD-8F24-95599BFD66B8}
		{2310A9CD-F373-45BB-9844-FA8073DBF382} = {73CF9B6D-0B40-422E-8F55-9D0C134E9E37}
	EndGlobalSection
	GlobalSection(ExtensibilityGlobals) = postSolution
		SolutionGuid = {2C86AC5B-B946-48AD-A3A5-0E1A29EDA4CF}
	EndGlobalSection
EndGlobal
