Microsoft Visual Studio Solution File, Format Version 12.00
# Visual Studio Version 17
VisualStudioVersion = 17.1.32319.34
MinimumVisualStudioVersion = 10.0.40219.1
Project("{2150E333-8FDC-42A3-9474-1A3956D46DE8}") = "src", "src", "{0B5D4C83-181F-44AD-8F24-95599BFD66B8}"
EndProject
Project("{2150E333-8FDC-42A3-9474-1A3956D46DE8}") = "tests", "tests", "{73CF9B6D-0B40-422E-8F55-9D0C134E9E37}"
EndProject
Project("{9A19103F-16F7-4668-BE54-9A1E7A4F7556}") = "CoreWCF.Primitives", "CoreWCF.Primitives\src\CoreWCF.Primitives.csproj", "{A2BBD98A-0862-414F-93A4-BAE0AE9AD654}"
EndProject
Project("{9A19103F-16F7-4668-BE54-9A1E7A4F7556}") = "CoreWCF.Http", "CoreWCF.Http\src\CoreWCF.Http.csproj", "{5261B584-C338-4573-B4A0-F76C56D89F6C}"
EndProject
Project("{9A19103F-16F7-4668-BE54-9A1E7A4F7556}") = "CoreWCF.NetTcp", "CoreWCF.NetTcp\src\CoreWCF.NetTcp.csproj", "{58568DAD-EF5D-4CA9-9812-2FAE30B849DB}"
EndProject
Project("{9A19103F-16F7-4668-BE54-9A1E7A4F7556}") = "CoreWCF.Http.Tests", "CoreWCF.Http\tests\CoreWCF.Http.Tests.csproj", "{7C01D118-BD40-4B0D-8728-6D61ED623081}"
EndProject
Project("{9A19103F-16F7-4668-BE54-9A1E7A4F7556}") = "CoreWCF.NetTcp.Tests", "CoreWCF.NetTcp\tests\CoreWCF.NetTcp.Tests.csproj", "{5C693BE3-CD4A-40C9-8105-93681BF5B5A6}"
EndProject
Project("{9A19103F-16F7-4668-BE54-9A1E7A4F7556}") = "CoreWCF.Primitives.Tests", "CoreWCF.Primitives\tests\CoreWCF.Primitives.Tests.csproj", "{0BAAF301-23F3-49AC-B167-B8A88565F95B}"
EndProject
Project("{2150E333-8FDC-42A3-9474-1A3956D46DE8}") = "samples", "samples", "{083F2ED2-5D26-4EEB-A410-29ADCC0C4B42}"
EndProject
Project("{9A19103F-16F7-4668-BE54-9A1E7A4F7556}") = "NetCoreServer", "Samples\NetCoreServer\NetCoreServer.csproj", "{3FB095F3-767E-470D-918D-A8BE546C8217}"
EndProject
Project("{9A19103F-16F7-4668-BE54-9A1E7A4F7556}") = "NetCoreClient", "Samples\NetCoreClient\NetCoreClient.csproj", "{F270C4F1-6F1D-44B1-B29F-97C8D810C209}"
EndProject
Project("{9A19103F-16F7-4668-BE54-9A1E7A4F7556}") = "DesktopClient", "Samples\DesktopClient\DesktopClient.csproj", "{AC474D52-EC86-43CC-AE48-579D9465DE2D}"
EndProject
Project("{9A19103F-16F7-4668-BE54-9A1E7A4F7556}") = "DesktopServer", "Samples\DesktopServer\DesktopServer.csproj", "{53D7DDAB-757E-42DF-A064-62E97C7AD813}"
EndProject
Project("{2150E333-8FDC-42A3-9474-1A3956D46DE8}") = "Solution Items", "Solution Items", "{DAAE6286-93E2-4F2B-81D2-A32A9F024595}"
	ProjectSection(SolutionItems) = preProject
		.editorconfig = .editorconfig
		..\Directory.Build.props = ..\Directory.Build.props
		..\Directory.Build.targets = ..\Directory.Build.targets
		..\nuspec.props = ..\nuspec.props
		..\resources.props = ..\resources.props
		..\resources.targets = ..\resources.targets
	EndProjectSection
EndProject
Project("{9A19103F-16F7-4668-BE54-9A1E7A4F7556}") = "Samples.StandardClient", "Samples\StandardClient\Samples.StandardClient.csproj", "{C43E715A-5E6D-40B1-AAA4-A91A1CBA3524}"
EndProject
Project("{9A19103F-16F7-4668-BE54-9A1E7A4F7556}") = "Samples.StandardCommon", "Samples\StandardCommon\Samples.StandardCommon.csproj", "{5C8F6F41-A31D-4091-92F5-C036E7C66F9B}"
EndProject
Project("{9A19103F-16F7-4668-BE54-9A1E7A4F7556}") = "CoreWCF.ConfigurationManager", "CoreWCF.ConfigurationManager\src\CoreWCF.ConfigurationManager.csproj", "{EACFE02B-7833-4B77-AEE6-7A99B2EB12B5}"
EndProject
Project("{9A19103F-16F7-4668-BE54-9A1E7A4F7556}") = "CoreWCF.ConfigurationManager.Tests", "CoreWCF.ConfigurationManager\tests\CoreWCF.ConfigurationManager.Tests.csproj", "{23ADCC63-79D3-4261-B671-D534A0132B85}"
EndProject
Project("{9A19103F-16F7-4668-BE54-9A1E7A4F7556}") = "CoreWCF.Metadata.Tests", "CoreWCF.Metadata\tests\CoreWCF.Metadata.Tests.csproj", "{9553B951-927E-4E41-AAAB-97F8D01CBF21}"
EndProject
Global
	GlobalSection(SolutionConfigurationPlatforms) = preSolution
		Debug|Any CPU = Debug|Any CPU
		Debug|x64 = Debug|x64
		Debug|x86 = Debug|x86
		Release|Any CPU = Release|Any CPU
		Release|x64 = Release|x64
		Release|x86 = Release|x86
	EndGlobalSection
	GlobalSection(ProjectConfigurationPlatforms) = postSolution
		{A2BBD98A-0862-414F-93A4-BAE0AE9AD654}.Debug|Any CPU.ActiveCfg = Debug|Any CPU
		{A2BBD98A-0862-414F-93A4-BAE0AE9AD654}.Debug|Any CPU.Build.0 = Debug|Any CPU
		{A2BBD98A-0862-414F-93A4-BAE0AE9AD654}.Debug|x64.ActiveCfg = Debug|Any CPU
		{A2BBD98A-0862-414F-93A4-BAE0AE9AD654}.Debug|x64.Build.0 = Debug|Any CPU
		{A2BBD98A-0862-414F-93A4-BAE0AE9AD654}.Debug|x86.ActiveCfg = Debug|Any CPU
		{A2BBD98A-0862-414F-93A4-BAE0AE9AD654}.Debug|x86.Build.0 = Debug|Any CPU
		{A2BBD98A-0862-414F-93A4-BAE0AE9AD654}.Release|Any CPU.ActiveCfg = Release|Any CPU
		{A2BBD98A-0862-414F-93A4-BAE0AE9AD654}.Release|Any CPU.Build.0 = Release|Any CPU
		{A2BBD98A-0862-414F-93A4-BAE0AE9AD654}.Release|x64.ActiveCfg = Release|Any CPU
		{A2BBD98A-0862-414F-93A4-BAE0AE9AD654}.Release|x64.Build.0 = Release|Any CPU
		{A2BBD98A-0862-414F-93A4-BAE0AE9AD654}.Release|x86.ActiveCfg = Release|Any CPU
		{A2BBD98A-0862-414F-93A4-BAE0AE9AD654}.Release|x86.Build.0 = Release|Any CPU
		{5261B584-C338-4573-B4A0-F76C56D89F6C}.Debug|Any CPU.ActiveCfg = Debug|Any CPU
		{5261B584-C338-4573-B4A0-F76C56D89F6C}.Debug|Any CPU.Build.0 = Debug|Any CPU
		{5261B584-C338-4573-B4A0-F76C56D89F6C}.Debug|x64.ActiveCfg = Debug|Any CPU
		{5261B584-C338-4573-B4A0-F76C56D89F6C}.Debug|x64.Build.0 = Debug|Any CPU
		{5261B584-C338-4573-B4A0-F76C56D89F6C}.Debug|x86.ActiveCfg = Debug|Any CPU
		{5261B584-C338-4573-B4A0-F76C56D89F6C}.Debug|x86.Build.0 = Debug|Any CPU
		{5261B584-C338-4573-B4A0-F76C56D89F6C}.Release|Any CPU.ActiveCfg = Release|Any CPU
		{5261B584-C338-4573-B4A0-F76C56D89F6C}.Release|Any CPU.Build.0 = Release|Any CPU
		{5261B584-C338-4573-B4A0-F76C56D89F6C}.Release|x64.ActiveCfg = Release|Any CPU
		{5261B584-C338-4573-B4A0-F76C56D89F6C}.Release|x64.Build.0 = Release|Any CPU
		{5261B584-C338-4573-B4A0-F76C56D89F6C}.Release|x86.ActiveCfg = Release|Any CPU
		{5261B584-C338-4573-B4A0-F76C56D89F6C}.Release|x86.Build.0 = Release|Any CPU
		{58568DAD-EF5D-4CA9-9812-2FAE30B849DB}.Debug|Any CPU.ActiveCfg = Debug|Any CPU
		{58568DAD-EF5D-4CA9-9812-2FAE30B849DB}.Debug|Any CPU.Build.0 = Debug|Any CPU
		{58568DAD-EF5D-4CA9-9812-2FAE30B849DB}.Debug|x64.ActiveCfg = Debug|Any CPU
		{58568DAD-EF5D-4CA9-9812-2FAE30B849DB}.Debug|x64.Build.0 = Debug|Any CPU
		{58568DAD-EF5D-4CA9-9812-2FAE30B849DB}.Debug|x86.ActiveCfg = Debug|Any CPU
		{58568DAD-EF5D-4CA9-9812-2FAE30B849DB}.Debug|x86.Build.0 = Debug|Any CPU
		{58568DAD-EF5D-4CA9-9812-2FAE30B849DB}.Release|Any CPU.ActiveCfg = Release|Any CPU
		{58568DAD-EF5D-4CA9-9812-2FAE30B849DB}.Release|Any CPU.Build.0 = Release|Any CPU
		{58568DAD-EF5D-4CA9-9812-2FAE30B849DB}.Release|x64.ActiveCfg = Release|Any CPU
		{58568DAD-EF5D-4CA9-9812-2FAE30B849DB}.Release|x64.Build.0 = Release|Any CPU
		{58568DAD-EF5D-4CA9-9812-2FAE30B849DB}.Release|x86.ActiveCfg = Release|Any CPU
		{58568DAD-EF5D-4CA9-9812-2FAE30B849DB}.Release|x86.Build.0 = Release|Any CPU
		{7C01D118-BD40-4B0D-8728-6D61ED623081}.Debug|Any CPU.ActiveCfg = Debug|Any CPU
		{7C01D118-BD40-4B0D-8728-6D61ED623081}.Debug|Any CPU.Build.0 = Debug|Any CPU
		{7C01D118-BD40-4B0D-8728-6D61ED623081}.Debug|x64.ActiveCfg = Debug|Any CPU
		{7C01D118-BD40-4B0D-8728-6D61ED623081}.Debug|x64.Build.0 = Debug|Any CPU
		{7C01D118-BD40-4B0D-8728-6D61ED623081}.Debug|x86.ActiveCfg = Debug|Any CPU
		{7C01D118-BD40-4B0D-8728-6D61ED623081}.Debug|x86.Build.0 = Debug|Any CPU
		{7C01D118-BD40-4B0D-8728-6D61ED623081}.Release|Any CPU.ActiveCfg = Release|Any CPU
		{7C01D118-BD40-4B0D-8728-6D61ED623081}.Release|Any CPU.Build.0 = Release|Any CPU
		{7C01D118-BD40-4B0D-8728-6D61ED623081}.Release|x64.ActiveCfg = Release|Any CPU
		{7C01D118-BD40-4B0D-8728-6D61ED623081}.Release|x64.Build.0 = Release|Any CPU
		{7C01D118-BD40-4B0D-8728-6D61ED623081}.Release|x86.ActiveCfg = Release|Any CPU
		{7C01D118-BD40-4B0D-8728-6D61ED623081}.Release|x86.Build.0 = Release|Any CPU
		{5C693BE3-CD4A-40C9-8105-93681BF5B5A6}.Debug|Any CPU.ActiveCfg = Debug|Any CPU
		{5C693BE3-CD4A-40C9-8105-93681BF5B5A6}.Debug|Any CPU.Build.0 = Debug|Any CPU
		{5C693BE3-CD4A-40C9-8105-93681BF5B5A6}.Debug|x64.ActiveCfg = Debug|Any CPU
		{5C693BE3-CD4A-40C9-8105-93681BF5B5A6}.Debug|x64.Build.0 = Debug|Any CPU
		{5C693BE3-CD4A-40C9-8105-93681BF5B5A6}.Debug|x86.ActiveCfg = Debug|Any CPU
		{5C693BE3-CD4A-40C9-8105-93681BF5B5A6}.Debug|x86.Build.0 = Debug|Any CPU
		{5C693BE3-CD4A-40C9-8105-93681BF5B5A6}.Release|Any CPU.ActiveCfg = Release|Any CPU
		{5C693BE3-CD4A-40C9-8105-93681BF5B5A6}.Release|Any CPU.Build.0 = Release|Any CPU
		{5C693BE3-CD4A-40C9-8105-93681BF5B5A6}.Release|x64.ActiveCfg = Release|Any CPU
		{5C693BE3-CD4A-40C9-8105-93681BF5B5A6}.Release|x64.Build.0 = Release|Any CPU
		{5C693BE3-CD4A-40C9-8105-93681BF5B5A6}.Release|x86.ActiveCfg = Release|Any CPU
		{5C693BE3-CD4A-40C9-8105-93681BF5B5A6}.Release|x86.Build.0 = Release|Any CPU
		{0BAAF301-23F3-49AC-B167-B8A88565F95B}.Debug|Any CPU.ActiveCfg = Debug|Any CPU
		{0BAAF301-23F3-49AC-B167-B8A88565F95B}.Debug|Any CPU.Build.0 = Debug|Any CPU
		{0BAAF301-23F3-49AC-B167-B8A88565F95B}.Debug|x64.ActiveCfg = Debug|Any CPU
		{0BAAF301-23F3-49AC-B167-B8A88565F95B}.Debug|x64.Build.0 = Debug|Any CPU
		{0BAAF301-23F3-49AC-B167-B8A88565F95B}.Debug|x86.ActiveCfg = Debug|Any CPU
		{0BAAF301-23F3-49AC-B167-B8A88565F95B}.Debug|x86.Build.0 = Debug|Any CPU
		{0BAAF301-23F3-49AC-B167-B8A88565F95B}.Release|Any CPU.ActiveCfg = Release|Any CPU
		{0BAAF301-23F3-49AC-B167-B8A88565F95B}.Release|Any CPU.Build.0 = Release|Any CPU
		{0BAAF301-23F3-49AC-B167-B8A88565F95B}.Release|x64.ActiveCfg = Release|Any CPU
		{0BAAF301-23F3-49AC-B167-B8A88565F95B}.Release|x64.Build.0 = Release|Any CPU
		{0BAAF301-23F3-49AC-B167-B8A88565F95B}.Release|x86.ActiveCfg = Release|Any CPU
		{0BAAF301-23F3-49AC-B167-B8A88565F95B}.Release|x86.Build.0 = Release|Any CPU
		{3FB095F3-767E-470D-918D-A8BE546C8217}.Debug|Any CPU.ActiveCfg = Debug|Any CPU
		{3FB095F3-767E-470D-918D-A8BE546C8217}.Debug|Any CPU.Build.0 = Debug|Any CPU
		{3FB095F3-767E-470D-918D-A8BE546C8217}.Debug|x64.ActiveCfg = Debug|Any CPU
		{3FB095F3-767E-470D-918D-A8BE546C8217}.Debug|x64.Build.0 = Debug|Any CPU
		{3FB095F3-767E-470D-918D-A8BE546C8217}.Debug|x86.ActiveCfg = Debug|Any CPU
		{3FB095F3-767E-470D-918D-A8BE546C8217}.Debug|x86.Build.0 = Debug|Any CPU
		{3FB095F3-767E-470D-918D-A8BE546C8217}.Release|Any CPU.ActiveCfg = Release|Any CPU
		{3FB095F3-767E-470D-918D-A8BE546C8217}.Release|Any CPU.Build.0 = Release|Any CPU
		{3FB095F3-767E-470D-918D-A8BE546C8217}.Release|x64.ActiveCfg = Release|Any CPU
		{3FB095F3-767E-470D-918D-A8BE546C8217}.Release|x64.Build.0 = Release|Any CPU
		{3FB095F3-767E-470D-918D-A8BE546C8217}.Release|x86.ActiveCfg = Release|Any CPU
		{3FB095F3-767E-470D-918D-A8BE546C8217}.Release|x86.Build.0 = Release|Any CPU
		{F270C4F1-6F1D-44B1-B29F-97C8D810C209}.Debug|Any CPU.ActiveCfg = Debug|Any CPU
		{F270C4F1-6F1D-44B1-B29F-97C8D810C209}.Debug|Any CPU.Build.0 = Debug|Any CPU
		{F270C4F1-6F1D-44B1-B29F-97C8D810C209}.Debug|x64.ActiveCfg = Debug|Any CPU
		{F270C4F1-6F1D-44B1-B29F-97C8D810C209}.Debug|x64.Build.0 = Debug|Any CPU
		{F270C4F1-6F1D-44B1-B29F-97C8D810C209}.Debug|x86.ActiveCfg = Debug|Any CPU
		{F270C4F1-6F1D-44B1-B29F-97C8D810C209}.Debug|x86.Build.0 = Debug|Any CPU
		{F270C4F1-6F1D-44B1-B29F-97C8D810C209}.Release|Any CPU.ActiveCfg = Release|Any CPU
		{F270C4F1-6F1D-44B1-B29F-97C8D810C209}.Release|Any CPU.Build.0 = Release|Any CPU
		{F270C4F1-6F1D-44B1-B29F-97C8D810C209}.Release|x64.ActiveCfg = Release|Any CPU
		{F270C4F1-6F1D-44B1-B29F-97C8D810C209}.Release|x64.Build.0 = Release|Any CPU
		{F270C4F1-6F1D-44B1-B29F-97C8D810C209}.Release|x86.ActiveCfg = Release|Any CPU
		{F270C4F1-6F1D-44B1-B29F-97C8D810C209}.Release|x86.Build.0 = Release|Any CPU
		{AC474D52-EC86-43CC-AE48-579D9465DE2D}.Debug|Any CPU.ActiveCfg = Debug|Any CPU
		{AC474D52-EC86-43CC-AE48-579D9465DE2D}.Debug|Any CPU.Build.0 = Debug|Any CPU
		{AC474D52-EC86-43CC-AE48-579D9465DE2D}.Debug|x64.ActiveCfg = Debug|Any CPU
		{AC474D52-EC86-43CC-AE48-579D9465DE2D}.Debug|x64.Build.0 = Debug|Any CPU
		{AC474D52-EC86-43CC-AE48-579D9465DE2D}.Debug|x86.ActiveCfg = Debug|Any CPU
		{AC474D52-EC86-43CC-AE48-579D9465DE2D}.Debug|x86.Build.0 = Debug|Any CPU
		{AC474D52-EC86-43CC-AE48-579D9465DE2D}.Release|Any CPU.ActiveCfg = Release|Any CPU
		{AC474D52-EC86-43CC-AE48-579D9465DE2D}.Release|Any CPU.Build.0 = Release|Any CPU
		{AC474D52-EC86-43CC-AE48-579D9465DE2D}.Release|x64.ActiveCfg = Release|Any CPU
		{AC474D52-EC86-43CC-AE48-579D9465DE2D}.Release|x64.Build.0 = Release|Any CPU
		{AC474D52-EC86-43CC-AE48-579D9465DE2D}.Release|x86.ActiveCfg = Release|Any CPU
		{AC474D52-EC86-43CC-AE48-579D9465DE2D}.Release|x86.Build.0 = Release|Any CPU
		{53D7DDAB-757E-42DF-A064-62E97C7AD813}.Debug|Any CPU.ActiveCfg = Debug|Any CPU
		{53D7DDAB-757E-42DF-A064-62E97C7AD813}.Debug|Any CPU.Build.0 = Debug|Any CPU
		{53D7DDAB-757E-42DF-A064-62E97C7AD813}.Debug|x64.ActiveCfg = Debug|Any CPU
		{53D7DDAB-757E-42DF-A064-62E97C7AD813}.Debug|x64.Build.0 = Debug|Any CPU
		{53D7DDAB-757E-42DF-A064-62E97C7AD813}.Debug|x86.ActiveCfg = Debug|Any CPU
		{53D7DDAB-757E-42DF-A064-62E97C7AD813}.Debug|x86.Build.0 = Debug|Any CPU
		{53D7DDAB-757E-42DF-A064-62E97C7AD813}.Release|Any CPU.ActiveCfg = Release|Any CPU
		{53D7DDAB-757E-42DF-A064-62E97C7AD813}.Release|Any CPU.Build.0 = Release|Any CPU
		{53D7DDAB-757E-42DF-A064-62E97C7AD813}.Release|x64.ActiveCfg = Release|Any CPU
		{53D7DDAB-757E-42DF-A064-62E97C7AD813}.Release|x64.Build.0 = Release|Any CPU
		{53D7DDAB-757E-42DF-A064-62E97C7AD813}.Release|x86.ActiveCfg = Release|Any CPU
		{53D7DDAB-757E-42DF-A064-62E97C7AD813}.Release|x86.Build.0 = Release|Any CPU
		{C43E715A-5E6D-40B1-AAA4-A91A1CBA3524}.Debug|Any CPU.ActiveCfg = Debug|Any CPU
		{C43E715A-5E6D-40B1-AAA4-A91A1CBA3524}.Debug|Any CPU.Build.0 = Debug|Any CPU
		{C43E715A-5E6D-40B1-AAA4-A91A1CBA3524}.Debug|x64.ActiveCfg = Debug|Any CPU
		{C43E715A-5E6D-40B1-AAA4-A91A1CBA3524}.Debug|x64.Build.0 = Debug|Any CPU
		{C43E715A-5E6D-40B1-AAA4-A91A1CBA3524}.Debug|x86.ActiveCfg = Debug|Any CPU
		{C43E715A-5E6D-40B1-AAA4-A91A1CBA3524}.Debug|x86.Build.0 = Debug|Any CPU
		{C43E715A-5E6D-40B1-AAA4-A91A1CBA3524}.Release|Any CPU.ActiveCfg = Release|Any CPU
		{C43E715A-5E6D-40B1-AAA4-A91A1CBA3524}.Release|Any CPU.Build.0 = Release|Any CPU
		{C43E715A-5E6D-40B1-AAA4-A91A1CBA3524}.Release|x64.ActiveCfg = Release|Any CPU
		{C43E715A-5E6D-40B1-AAA4-A91A1CBA3524}.Release|x64.Build.0 = Release|Any CPU
		{C43E715A-5E6D-40B1-AAA4-A91A1CBA3524}.Release|x86.ActiveCfg = Release|Any CPU
		{C43E715A-5E6D-40B1-AAA4-A91A1CBA3524}.Release|x86.Build.0 = Release|Any CPU
		{5C8F6F41-A31D-4091-92F5-C036E7C66F9B}.Debug|Any CPU.ActiveCfg = Debug|Any CPU
		{5C8F6F41-A31D-4091-92F5-C036E7C66F9B}.Debug|Any CPU.Build.0 = Debug|Any CPU
		{5C8F6F41-A31D-4091-92F5-C036E7C66F9B}.Debug|x64.ActiveCfg = Debug|Any CPU
		{5C8F6F41-A31D-4091-92F5-C036E7C66F9B}.Debug|x64.Build.0 = Debug|Any CPU
		{5C8F6F41-A31D-4091-92F5-C036E7C66F9B}.Debug|x86.ActiveCfg = Debug|Any CPU
		{5C8F6F41-A31D-4091-92F5-C036E7C66F9B}.Debug|x86.Build.0 = Debug|Any CPU
		{5C8F6F41-A31D-4091-92F5-C036E7C66F9B}.Release|Any CPU.ActiveCfg = Release|Any CPU
		{5C8F6F41-A31D-4091-92F5-C036E7C66F9B}.Release|Any CPU.Build.0 = Release|Any CPU
		{5C8F6F41-A31D-4091-92F5-C036E7C66F9B}.Release|x64.ActiveCfg = Release|Any CPU
		{5C8F6F41-A31D-4091-92F5-C036E7C66F9B}.Release|x64.Build.0 = Release|Any CPU
		{5C8F6F41-A31D-4091-92F5-C036E7C66F9B}.Release|x86.ActiveCfg = Release|Any CPU
		{5C8F6F41-A31D-4091-92F5-C036E7C66F9B}.Release|x86.Build.0 = Release|Any CPU
		{EACFE02B-7833-4B77-AEE6-7A99B2EB12B5}.Debug|Any CPU.ActiveCfg = Debug|Any CPU
		{EACFE02B-7833-4B77-AEE6-7A99B2EB12B5}.Debug|Any CPU.Build.0 = Debug|Any CPU
		{EACFE02B-7833-4B77-AEE6-7A99B2EB12B5}.Debug|x64.ActiveCfg = Debug|Any CPU
		{EACFE02B-7833-4B77-AEE6-7A99B2EB12B5}.Debug|x64.Build.0 = Debug|Any CPU
		{EACFE02B-7833-4B77-AEE6-7A99B2EB12B5}.Debug|x86.ActiveCfg = Debug|Any CPU
		{EACFE02B-7833-4B77-AEE6-7A99B2EB12B5}.Debug|x86.Build.0 = Debug|Any CPU
		{EACFE02B-7833-4B77-AEE6-7A99B2EB12B5}.Release|Any CPU.ActiveCfg = Release|Any CPU
		{EACFE02B-7833-4B77-AEE6-7A99B2EB12B5}.Release|Any CPU.Build.0 = Release|Any CPU
		{EACFE02B-7833-4B77-AEE6-7A99B2EB12B5}.Release|x64.ActiveCfg = Release|Any CPU
		{EACFE02B-7833-4B77-AEE6-7A99B2EB12B5}.Release|x64.Build.0 = Release|Any CPU
		{EACFE02B-7833-4B77-AEE6-7A99B2EB12B5}.Release|x86.ActiveCfg = Release|Any CPU
		{EACFE02B-7833-4B77-AEE6-7A99B2EB12B5}.Release|x86.Build.0 = Release|Any CPU
		{23ADCC63-79D3-4261-B671-D534A0132B85}.Debug|Any CPU.ActiveCfg = Debug|Any CPU
		{23ADCC63-79D3-4261-B671-D534A0132B85}.Debug|Any CPU.Build.0 = Debug|Any CPU
		{23ADCC63-79D3-4261-B671-D534A0132B85}.Debug|x64.ActiveCfg = Debug|Any CPU
		{23ADCC63-79D3-4261-B671-D534A0132B85}.Debug|x64.Build.0 = Debug|Any CPU
		{23ADCC63-79D3-4261-B671-D534A0132B85}.Debug|x86.ActiveCfg = Debug|Any CPU
		{23ADCC63-79D3-4261-B671-D534A0132B85}.Debug|x86.Build.0 = Debug|Any CPU
		{23ADCC63-79D3-4261-B671-D534A0132B85}.Release|Any CPU.ActiveCfg = Release|Any CPU
		{23ADCC63-79D3-4261-B671-D534A0132B85}.Release|Any CPU.Build.0 = Release|Any CPU
		{23ADCC63-79D3-4261-B671-D534A0132B85}.Release|x64.ActiveCfg = Release|Any CPU
		{23ADCC63-79D3-4261-B671-D534A0132B85}.Release|x64.Build.0 = Release|Any CPU
		{23ADCC63-79D3-4261-B671-D534A0132B85}.Release|x86.ActiveCfg = Release|Any CPU
		{23ADCC63-79D3-4261-B671-D534A0132B85}.Release|x86.Build.0 = Release|Any CPU
		{9553B951-927E-4E41-AAAB-97F8D01CBF21}.Debug|Any CPU.ActiveCfg = Debug|Any CPU
		{9553B951-927E-4E41-AAAB-97F8D01CBF21}.Debug|Any CPU.Build.0 = Debug|Any CPU
		{9553B951-927E-4E41-AAAB-97F8D01CBF21}.Debug|x64.ActiveCfg = Debug|Any CPU
		{9553B951-927E-4E41-AAAB-97F8D01CBF21}.Debug|x64.Build.0 = Debug|Any CPU
		{9553B951-927E-4E41-AAAB-97F8D01CBF21}.Debug|x86.ActiveCfg = Debug|Any CPU
		{9553B951-927E-4E41-AAAB-97F8D01CBF21}.Debug|x86.Build.0 = Debug|Any CPU
		{9553B951-927E-4E41-AAAB-97F8D01CBF21}.Release|Any CPU.ActiveCfg = Release|Any CPU
		{9553B951-927E-4E41-AAAB-97F8D01CBF21}.Release|Any CPU.Build.0 = Release|Any CPU
		{9553B951-927E-4E41-AAAB-97F8D01CBF21}.Release|x64.ActiveCfg = Release|Any CPU
		{9553B951-927E-4E41-AAAB-97F8D01CBF21}.Release|x64.Build.0 = Release|Any CPU
		{9553B951-927E-4E41-AAAB-97F8D01CBF21}.Release|x86.ActiveCfg = Release|Any CPU
		{9553B951-927E-4E41-AAAB-97F8D01CBF21}.Release|x86.Build.0 = Release|Any CPU
	EndGlobalSection
	GlobalSection(SolutionProperties) = preSolution
		HideSolutionNode = FALSE
	EndGlobalSection
	GlobalSection(NestedProjects) = preSolution
		{A2BBD98A-0862-414F-93A4-BAE0AE9AD654} = {0B5D4C83-181F-44AD-8F24-95599BFD66B8}
		{5261B584-C338-4573-B4A0-F76C56D89F6C} = {0B5D4C83-181F-44AD-8F24-95599BFD66B8}
		{58568DAD-EF5D-4CA9-9812-2FAE30B849DB} = {0B5D4C83-181F-44AD-8F24-95599BFD66B8}
		{7C01D118-BD40-4B0D-8728-6D61ED623081} = {73CF9B6D-0B40-422E-8F55-9D0C134E9E37}
		{5C693BE3-CD4A-40C9-8105-93681BF5B5A6} = {73CF9B6D-0B40-422E-8F55-9D0C134E9E37}
		{0BAAF301-23F3-49AC-B167-B8A88565F95B} = {73CF9B6D-0B40-422E-8F55-9D0C134E9E37}
		{3FB095F3-767E-470D-918D-A8BE546C8217} = {083F2ED2-5D26-4EEB-A410-29ADCC0C4B42}
		{F270C4F1-6F1D-44B1-B29F-97C8D810C209} = {083F2ED2-5D26-4EEB-A410-29ADCC0C4B42}
		{AC474D52-EC86-43CC-AE48-579D9465DE2D} = {083F2ED2-5D26-4EEB-A410-29ADCC0C4B42}
		{53D7DDAB-757E-42DF-A064-62E97C7AD813} = {083F2ED2-5D26-4EEB-A410-29ADCC0C4B42}
		{C43E715A-5E6D-40B1-AAA4-A91A1CBA3524} = {083F2ED2-5D26-4EEB-A410-29ADCC0C4B42}
		{5C8F6F41-A31D-4091-92F5-C036E7C66F9B} = {083F2ED2-5D26-4EEB-A410-29ADCC0C4B42}
		{EACFE02B-7833-4B77-AEE6-7A99B2EB12B5} = {0B5D4C83-181F-44AD-8F24-95599BFD66B8}
		{23ADCC63-79D3-4261-B671-D534A0132B85} = {73CF9B6D-0B40-422E-8F55-9D0C134E9E37}
		{9553B951-927E-4E41-AAAB-97F8D01CBF21} = {73CF9B6D-0B40-422E-8F55-9D0C134E9E37}
	EndGlobalSection
	GlobalSection(ExtensibilityGlobals) = postSolution
		SolutionGuid = {2C86AC5B-B946-48AD-A3A5-0E1A29EDA4CF}
	EndGlobalSection
EndGlobal
